<?xml version="1.0" encoding="utf-8"?>
<Project ToolsVersion="4.0" xmlns="http://schemas.microsoft.com/developer/msbuild/2003">
  <ItemGroup>
    <Filter Include="소스 파일">
      <UniqueIdentifier>{4FC737F1-C7A5-4376-A066-2A32D752A2FF}</UniqueIdentifier>
      <Extensions>cpp;c;cc;cxx;c++;cppm;ixx;def;odl;idl;hpj;bat;asm;asmx</Extensions>
    </Filter>
    <Filter Include="헤더 파일">
      <UniqueIdentifier>{93995380-89BD-4b04-88EB-625FBE52EBFB}</UniqueIdentifier>
      <Extensions>h;hh;hpp;hxx;h++;hm;inl;inc;ipp;xsd</Extensions>
    </Filter>
    <Filter Include="리소스 파일">
      <UniqueIdentifier>{67DA6AB6-F800-4c08-8B7A-83BB121AAD01}</UniqueIdentifier>
      <Extensions>rc;ico;cur;bmp;dlg;rc2;rct;bin;rgs;gif;jpg;jpeg;jpe;resx;tiff;tif;png;wav;mfcribbon-ms</Extensions>
    </Filter>
    <Filter Include="소스 파일\qn">
      <UniqueIdentifier>{6409b2cc-78c2-4645-a953-8d322164ad91}</UniqueIdentifier>
    </Filter>
    <Filter Include="헤더 파일\qn">
      <UniqueIdentifier>{fa989a00-4fae-4984-a2bd-287244ac5b8b}</UniqueIdentifier>
    </Filter>
    <Filter Include="헤더 파일\qn\zlib">
      <UniqueIdentifier>{6cf5d7e3-25ee-4275-8f93-ef7a75c317a7}</UniqueIdentifier>
    </Filter>
    <Filter Include="소스 파일\qn\zlib">
      <UniqueIdentifier>{9186560c-4ecf-4b83-86bc-8779a46f03c4}</UniqueIdentifier>
    </Filter>
    <Filter Include="소스 파일\qg">
      <UniqueIdentifier>{4bcc6fad-7481-4b3c-8c10-df0245cee5ea}</UniqueIdentifier>
    </Filter>
    <Filter Include="헤더 파일\qg">
      <UniqueIdentifier>{086e8b85-b328-4dc5-bc6b-05c6a063db2d}</UniqueIdentifier>
    </Filter>
    <Filter Include="소스 파일\qg\stub">
      <UniqueIdentifier>{48e3acae-9940-48fe-a4b2-e3a592e2f7de}</UniqueIdentifier>
    </Filter>
    <Filter Include="소스 파일\qg\gl">
      <UniqueIdentifier>{15b5bc29-0129-420d-8fb8-00d15fee3f41}</UniqueIdentifier>
    </Filter>
    <Filter Include="소스 파일\qg\rdh">
      <UniqueIdentifier>{1b57b24d-4186-4d0c-bbfc-ebd9dc250bf0}</UniqueIdentifier>
    </Filter>
    <Filter Include="소스 파일\qg\glad">
      <UniqueIdentifier>{90557222-48b7-44f9-81cb-a6b4181d8b85}</UniqueIdentifier>
    </Filter>
    <Filter Include="헤더 파일\qg\glad">
      <UniqueIdentifier>{903faeba-30b5-4322-a198-adc65276213b}</UniqueIdentifier>
    </Filter>
    <Filter Include="헤더 파일\qg\stub">
      <UniqueIdentifier>{ca19cfa2-72c5-4ba0-a9be-503b7f6ceffd}</UniqueIdentifier>
    </Filter>
    <Filter Include="헤더 파일\qg\gl">
      <UniqueIdentifier>{170f8d93-add5-4173-8a91-f63c33ede8e4}</UniqueIdentifier>
    </Filter>
  </ItemGroup>
  <ItemGroup>
    <ClInclude Include="pch.h">
      <Filter>헤더 파일</Filter>
    </ClInclude>
    <ClInclude Include="..\inc\qs.h">
      <Filter>헤더 파일</Filter>
    </ClInclude>
    <ClInclude Include="qn\zlib\zutil.h">
      <Filter>헤더 파일\qn\zlib</Filter>
    </ClInclude>
    <ClInclude Include="qn\zlib\zlib_proxy.h">
      <Filter>헤더 파일\qn\zlib</Filter>
    </ClInclude>
    <ClInclude Include="qn\zlib\zlib.h">
      <Filter>헤더 파일\qn\zlib</Filter>
    </ClInclude>
    <ClInclude Include="qn\zlib\zconf.h">
      <Filter>헤더 파일\qn\zlib</Filter>
    </ClInclude>
    <ClInclude Include="qn\zlib\trees.h">
      <Filter>헤더 파일\qn\zlib</Filter>
    </ClInclude>
    <ClInclude Include="qn\zlib\inftrees.h">
      <Filter>헤더 파일\qn\zlib</Filter>
    </ClInclude>
    <ClInclude Include="qn\zlib\inflate.h">
      <Filter>헤더 파일\qn\zlib</Filter>
    </ClInclude>
    <ClInclude Include="qn\zlib\inffixed.h">
      <Filter>헤더 파일\qn\zlib</Filter>
    </ClInclude>
    <ClInclude Include="qn\zlib\inffast.h">
      <Filter>헤더 파일\qn\zlib</Filter>
    </ClInclude>
    <ClInclude Include="qn\zlib\gzguts.h">
      <Filter>헤더 파일\qn\zlib</Filter>
    </ClInclude>
    <ClInclude Include="qn\zlib\deflate.h">
      <Filter>헤더 파일\qn\zlib</Filter>
    </ClInclude>
    <ClInclude Include="qn\zlib\crc32.h">
      <Filter>헤더 파일\qn\zlib</Filter>
    </ClInclude>
    <ClInclude Include="qg\glad\khrplatform.h">
      <Filter>헤더 파일\qg\glad</Filter>
    </ClInclude>
    <ClInclude Include="qg\glad\glad.h">
      <Filter>헤더 파일\qg\glad</Filter>
    </ClInclude>
    <ClInclude Include="qg\glad\glad_proxy.h">
      <Filter>헤더 파일\qg\glad</Filter>
    </ClInclude>
    <ClInclude Include="qs_conf.h">
      <Filter>헤더 파일</Filter>
    </ClInclude>
    <ClInclude Include="qg\qg_stub.h">
      <Filter>헤더 파일\qg\stub</Filter>
    </ClInclude>
    <ClInclude Include="qg\qgwin_stub.h">
      <Filter>헤더 파일\qg\stub</Filter>
    </ClInclude>
    <ClInclude Include="qg\qgwin_func.h">
      <Filter>헤더 파일\qg\stub</Filter>
    </ClInclude>
    <ClInclude Include="..\inc\qs_ctn.h">
      <Filter>헤더 파일\qn</Filter>
    </ClInclude>
    <ClInclude Include="..\inc\qs_math.h">
      <Filter>헤더 파일\qn</Filter>
    </ClInclude>
    <ClInclude Include="..\inc\qs_qn.h">
      <Filter>헤더 파일\qn</Filter>
    </ClInclude>
    <ClInclude Include="..\inc\qs_kmc.h">
      <Filter>헤더 파일\qg</Filter>
    </ClInclude>
    <ClInclude Include="..\inc\qs_qg.h">
      <Filter>헤더 파일\qg</Filter>
    </ClInclude>
    <ClInclude Include="qg\qg_es2.h">
      <Filter>헤더 파일\qg\gl</Filter>
    </ClInclude>
    <ClInclude Include="qg\qggl_base.h">
      <Filter>헤더 파일\qg\gl</Filter>
    </ClInclude>
    <ClInclude Include="qg\qggl_supp.h">
      <Filter>헤더 파일\qg\gl</Filter>
    </ClInclude>
    <ClInclude Include="qg\qgwlx_func.h">
      <Filter>헤더 파일\qg\stub</Filter>
    </ClInclude>
    <ClInclude Include="qg\qgwlx_stub.h">
      <Filter>헤더 파일\qg\stub</Filter>
    </ClInclude>
  </ItemGroup>
  <ItemGroup>
    <ClCompile Include="pch.c">
      <Filter>소스 파일</Filter>
    </ClCompile>
    <ClCompile Include="qn\qn.c">
      <Filter>소스 파일\qn</Filter>
    </ClCompile>
    <ClCompile Include="qn\qn_time.c">
      <Filter>소스 파일\qn</Filter>
    </ClCompile>
    <ClCompile Include="qn\qn_debug.c">
      <Filter>소스 파일\qn</Filter>
    </ClCompile>
    <ClCompile Include="qn\qn_file.c">
      <Filter>소스 파일\qn</Filter>
    </ClCompile>
    <ClCompile Include="qn\qs_gam.c">
      <Filter>소스 파일\qn</Filter>
    </ClCompile>
    <ClCompile Include="qn\qn_hash.c">
      <Filter>소스 파일\qn</Filter>
    </ClCompile>
    <ClCompile Include="qn\qm_math.c">
      <Filter>소스 파일\qn</Filter>
    </ClCompile>
    <ClCompile Include="qn\qn_mem.c">
      <Filter>소스 파일\qn</Filter>
    </ClCompile>
    <ClCompile Include="qn\qn_mlu.c">
      <Filter>소스 파일\qn</Filter>
    </ClCompile>
    <ClCompile Include="qn\qn_sort.c">
      <Filter>소스 파일\qn</Filter>
    </ClCompile>
    <ClCompile Include="qn\qn_str.c">
      <Filter>소스 파일\qn</Filter>
    </ClCompile>
    <ClCompile Include="qn\zlib\adler32.c">
      <Filter>소스 파일\qn\zlib</Filter>
    </ClCompile>
    <ClCompile Include="qn\zlib\compress.c">
      <Filter>소스 파일\qn\zlib</Filter>
    </ClCompile>
    <ClCompile Include="qn\zlib\crc32.c">
      <Filter>소스 파일\qn\zlib</Filter>
    </ClCompile>
    <ClCompile Include="qn\zlib\deflate.c">
      <Filter>소스 파일\qn\zlib</Filter>
    </ClCompile>
    <ClCompile Include="qn\zlib\gzclose.c">
      <Filter>소스 파일\qn\zlib</Filter>
    </ClCompile>
    <ClCompile Include="qn\zlib\gzlib.c">
      <Filter>소스 파일\qn\zlib</Filter>
    </ClCompile>
    <ClCompile Include="qn\zlib\gzread.c">
      <Filter>소스 파일\qn\zlib</Filter>
    </ClCompile>
    <ClCompile Include="qn\zlib\gzwrite.c">
      <Filter>소스 파일\qn\zlib</Filter>
    </ClCompile>
    <ClCompile Include="qn\zlib\infback.c">
      <Filter>소스 파일\qn\zlib</Filter>
    </ClCompile>
    <ClCompile Include="qn\zlib\inffast.c">
      <Filter>소스 파일\qn\zlib</Filter>
    </ClCompile>
    <ClCompile Include="qn\zlib\inflate.c">
      <Filter>소스 파일\qn\zlib</Filter>
    </ClCompile>
    <ClCompile Include="qn\zlib\inftrees.c">
      <Filter>소스 파일\qn\zlib</Filter>
    </ClCompile>
    <ClCompile Include="qn\zlib\trees.c">
      <Filter>소스 파일\qn\zlib</Filter>
    </ClCompile>
    <ClCompile Include="qn\zlib\uncompr.c">
      <Filter>소스 파일\qn\zlib</Filter>
    </ClCompile>
    <ClCompile Include="qn\zlib\zutil.c">
      <Filter>소스 파일\qn\zlib</Filter>
    </ClCompile>
    <ClCompile Include="qg\qg_kmc.c">
      <Filter>소스 파일\qg</Filter>
    </ClCompile>
    <ClCompile Include="qg\qgwin_stub.c">
      <Filter>소스 파일\qg\stub</Filter>
    </ClCompile>
    <ClCompile Include="qg\qg_stub.c">
      <Filter>소스 파일\qg\stub</Filter>
    </ClCompile>
    <ClCompile Include="qn\qn_thd.c">
      <Filter>소스 파일\qn</Filter>
    </ClCompile>
    <ClCompile Include="qg\glad\glad.c">
      <Filter>소스 파일\qg\glad</Filter>
    </ClCompile>
    <ClCompile Include="qn\PatrickPowell_snprintf.c">
      <Filter>소스 파일\qn</Filter>
    </ClCompile>
    <ClCompile Include="qg\qgwlx_stub.c">
      <Filter>소스 파일\qg\stub</Filter>
    </ClCompile>
    <ClCompile Include="..\zconsole\zz.c">
      <Filter>소스 파일</Filter>
    </ClCompile>
  </ItemGroup>
  <ItemGroup>
    <None Include="cpp.hint" />
  </ItemGroup>
  <ItemGroup>
    <Natvis Include="qs.natvis" />
  </ItemGroup>
</Project>